
Microsoft Visual Studio Solution File, Format Version 11.00
# Visual Studio 2010
Project("{2150E333-8FDC-42A3-9474-1A3956D46DE8}") = "Components", "Components", "{DCEE5D4A-EB1E-4D7D-91F6-01F7131CB183}"
EndProject
Project("{2150E333-8FDC-42A3-9474-1A3956D46DE8}") = "Modules", "Modules", "{96A36C41-54E5-4425-B721-6724BF1B85F3}"
EndProject
Project("{2150E333-8FDC-42A3-9474-1A3956D46DE8}") = "Presentation", "Presentation", "{F1D0E94B-3864-439D-8184-FE888B3B4351}"
EndProject
Project("{2150E333-8FDC-42A3-9474-1A3956D46DE8}") = "Libraries", "Libraries", "{5A68E0FC-0AD2-4898-8DE1-D7E9A79B3294}"
EndProject
Project("{FAE04EC0-301F-11D3-BF4B-00C04F79EFBC}") = "CMS.Data", "Libraries\CMS.Data\CMS.Data.csproj", "{FF58779A-4740-41D0-8861-8BDE7CE14997}"
EndProject
Project("{FAE04EC0-301F-11D3-BF4B-00C04F79EFBC}") = "CMS.Data.Service", "Libraries\CMS.Data.Service\CMS.Data.Service.csproj", "{5C3EC566-3246-49E9-9522-24C072BB4E07}"
EndProject
Project("{2150E333-8FDC-42A3-9474-1A3956D46DE8}") = "Admin", "Admin", "{A8941C43-F2FE-45CD-B886-EFC6860446C4}"
EndProject
Project("{2150E333-8FDC-42A3-9474-1A3956D46DE8}") = "FrameWork", "FrameWork", "{6D356C78-1890-4F91-8563-CAB4374BD334}"
EndProject
Project("{FAE04EC0-301F-11D3-BF4B-00C04F79EFBC}") = "MefMvcFramework", "Framework\MefMvcFramework\MefMvcFramework.csproj", "{462E8EB6-0632-4E41-B8A6-122D58385079}"
EndProject
Project("{FAE04EC0-301F-11D3-BF4B-00C04F79EFBC}") = "MefMvcFramework.Contracts", "Framework\MefMvcFramework.Contracts\MefMvcFramework.Contracts.csproj", "{450C8B9B-7624-48C0-AF98-A87AB3D2B93A}"
EndProject
Project("{2150E333-8FDC-42A3-9474-1A3956D46DE8}") = "Shared", "Shared", "{784E4046-AE73-4F84-A20E-7A2DC9C4CCCA}"
	ProjectSection(SolutionItems) = preProject
		SharedAssemblyInfo.cs = SharedAssemblyInfo.cs
	EndProjectSection
EndProject
Project("{FAE04EC0-301F-11D3-BF4B-00C04F79EFBC}") = "CMS.Web.Admin.Components.Article", "Components\Admin\CMS.Web.Admin.Components.Article\CMS.Web.Admin.Components.Article.csproj", "{CCE8734A-DCD8-4CAC-B956-E16FFC73DF44}"
EndProject
Project("{FAE04EC0-301F-11D3-BF4B-00C04F79EFBC}") = "CMS.Web.FrameWork", "Presentation\CMS.Web.FrameWork\CMS.Web.FrameWork.csproj", "{52D8D195-396C-4C69-B9AE-9120878A9000}"
EndProject
Project("{FAE04EC0-301F-11D3-BF4B-00C04F79EFBC}") = "CMS.Web", "Presentation\CMS.Web\CMS.Web.csproj", "{087EFEEE-BEEE-48C6-90F1-568BB5FD2C41}"
EndProject
Project("{FAE04EC0-301F-11D3-BF4B-00C04F79EFBC}") = "CMS.Web.Public", "Presentation\CMS.Web.Public\CMS.Web.Public.csproj", "{81ACDFC7-6BF5-4AFA-A7E2-7E892C9F11C3}"
EndProject
Project("{FAE04EC0-301F-11D3-BF4B-00C04F79EFBC}") = "CMS.Web.Admin", "Presentation\CMS.Web.Admin\CMS.Web.Admin.csproj", "{5F713648-F9A3-4126-8FBA-2505A8B4CEBF}"
EndProject
Global
	GlobalSection(SolutionConfigurationPlatforms) = preSolution
		Debug|Any CPU = Debug|Any CPU
		Release|Any CPU = Release|Any CPU
	EndGlobalSection
	GlobalSection(ProjectConfigurationPlatforms) = postSolution
		{FF58779A-4740-41D0-8861-8BDE7CE14997}.Debug|Any CPU.ActiveCfg = Debug|Any CPU
		{FF58779A-4740-41D0-8861-8BDE7CE14997}.Debug|Any CPU.Build.0 = Debug|Any CPU
		{FF58779A-4740-41D0-8861-8BDE7CE14997}.Release|Any CPU.ActiveCfg = Release|Any CPU
		{FF58779A-4740-41D0-8861-8BDE7CE14997}.Release|Any CPU.Build.0 = Release|Any CPU
		{5C3EC566-3246-49E9-9522-24C072BB4E07}.Debug|Any CPU.ActiveCfg = Debug|Any CPU
		{5C3EC566-3246-49E9-9522-24C072BB4E07}.Debug|Any CPU.Build.0 = Debug|Any CPU
		{5C3EC566-3246-49E9-9522-24C072BB4E07}.Release|Any CPU.ActiveCfg = Release|Any CPU
		{5C3EC566-3246-49E9-9522-24C072BB4E07}.Release|Any CPU.Build.0 = Release|Any CPU
		{462E8EB6-0632-4E41-B8A6-122D58385079}.Debug|Any CPU.ActiveCfg = Debug|Any CPU
		{462E8EB6-0632-4E41-B8A6-122D58385079}.Debug|Any CPU.Build.0 = Debug|Any CPU
		{462E8EB6-0632-4E41-B8A6-122D58385079}.Release|Any CPU.ActiveCfg = Release|Any CPU
		{462E8EB6-0632-4E41-B8A6-122D58385079}.Release|Any CPU.Build.0 = Release|Any CPU
		{450C8B9B-7624-48C0-AF98-A87AB3D2B93A}.Debug|Any CPU.ActiveCfg = Debug|Any CPU
		{450C8B9B-7624-48C0-AF98-A87AB3D2B93A}.Debug|Any CPU.Build.0 = Debug|Any CPU
		{450C8B9B-7624-48C0-AF98-A87AB3D2B93A}.Release|Any CPU.ActiveCfg = Release|Any CPU
		{450C8B9B-7624-48C0-AF98-A87AB3D2B93A}.Release|Any CPU.Build.0 = Release|Any CPU
		{CCE8734A-DCD8-4CAC-B956-E16FFC73DF44}.Debug|Any CPU.ActiveCfg = Debug|Any CPU
		{CCE8734A-DCD8-4CAC-B956-E16FFC73DF44}.Debug|Any CPU.Build.0 = Debug|Any CPU
		{CCE8734A-DCD8-4CAC-B956-E16FFC73DF44}.Release|Any CPU.ActiveCfg = Release|Any CPU
		{CCE8734A-DCD8-4CAC-B956-E16FFC73DF44}.Release|Any CPU.Build.0 = Release|Any CPU
		{52D8D195-396C-4C69-B9AE-9120878A9000}.Debug|Any CPU.ActiveCfg = Debug|Any CPU
		{52D8D195-396C-4C69-B9AE-9120878A9000}.Debug|Any CPU.Build.0 = Debug|Any CPU
		{52D8D195-396C-4C69-B9AE-9120878A9000}.Release|Any CPU.ActiveCfg = Release|Any CPU
		{52D8D195-396C-4C69-B9AE-9120878A9000}.Release|Any CPU.Build.0 = Release|Any CPU
		{087EFEEE-BEEE-48C6-90F1-568BB5FD2C41}.Debug|Any CPU.ActiveCfg = Debug|Any CPU
		{087EFEEE-BEEE-48C6-90F1-568BB5FD2C41}.Debug|Any CPU.Build.0 = Debug|Any CPU
		{087EFEEE-BEEE-48C6-90F1-568BB5FD2C41}.Release|Any CPU.ActiveCfg = Release|Any CPU
		{087EFEEE-BEEE-48C6-90F1-568BB5FD2C41}.Release|Any CPU.Build.0 = Release|Any CPU
		{81ACDFC7-6BF5-4AFA-A7E2-7E892C9F11C3}.Debug|Any CPU.ActiveCfg = Debug|Any CPU
		{81ACDFC7-6BF5-4AFA-A7E2-7E892C9F11C3}.Debug|Any CPU.Build.0 = Debug|Any CPU
		{81ACDFC7-6BF5-4AFA-A7E2-7E892C9F11C3}.Release|Any CPU.ActiveCfg = Release|Any CPU
		{81ACDFC7-6BF5-4AFA-A7E2-7E892C9F11C3}.Release|Any CPU.Build.0 = Release|Any CPU
		{5F713648-F9A3-4126-8FBA-2505A8B4CEBF}.Debug|Any CPU.ActiveCfg = Debug|Any CPU
		{5F713648-F9A3-4126-8FBA-2505A8B4CEBF}.Debug|Any CPU.Build.0 = Debug|Any CPU
		{5F713648-F9A3-4126-8FBA-2505A8B4CEBF}.Release|Any CPU.ActiveCfg = Release|Any CPU
		{5F713648-F9A3-4126-8FBA-2505A8B4CEBF}.Release|Any CPU.Build.0 = Release|Any CPU
	EndGlobalSection
	GlobalSection(SolutionProperties) = preSolution
		HideSolutionNode = FALSE
	EndGlobalSection
	GlobalSection(NestedProjects) = preSolution
		{A8941C43-F2FE-45CD-B886-EFC6860446C4} = {DCEE5D4A-EB1E-4D7D-91F6-01F7131CB183}
		{52D8D195-396C-4C69-B9AE-9120878A9000} = {F1D0E94B-3864-439D-8184-FE888B3B4351}
		{087EFEEE-BEEE-48C6-90F1-568BB5FD2C41} = {F1D0E94B-3864-439D-8184-FE888B3B4351}
		{81ACDFC7-6BF5-4AFA-A7E2-7E892C9F11C3} = {F1D0E94B-3864-439D-8184-FE888B3B4351}
		{5F713648-F9A3-4126-8FBA-2505A8B4CEBF} = {F1D0E94B-3864-439D-8184-FE888B3B4351}
		{FF58779A-4740-41D0-8861-8BDE7CE14997} = {5A68E0FC-0AD2-4898-8DE1-D7E9A79B3294}
		{5C3EC566-3246-49E9-9522-24C072BB4E07} = {5A68E0FC-0AD2-4898-8DE1-D7E9A79B3294}
		{CCE8734A-DCD8-4CAC-B956-E16FFC73DF44} = {A8941C43-F2FE-45CD-B886-EFC6860446C4}
		{462E8EB6-0632-4E41-B8A6-122D58385079} = {6D356C78-1890-4F91-8563-CAB4374BD334}
		{450C8B9B-7624-48C0-AF98-A87AB3D2B93A} = {6D356C78-1890-4F91-8563-CAB4374BD334}
	EndGlobalSection
EndGlobal
